
Microsoft Visual Studio Solution File, Format Version 12.00
# Visual Studio Version 17
Project("{8BC9CEB8-8B4A-11D0-8D11-00A0C91BC942}") = "ALL_BUILD", "ALL_BUILD.vcxproj", "{20975949-FDBA-3E86-9895-CD8C828BE78F}"
	ProjectSection(ProjectDependencies) = postProject
		{C5548066-9AB3-3C66-868D-48ED6E5F1011} = {C5548066-9AB3-3C66-868D-48ED6E5F1011}
		{2904BEF0-F60C-3B5F-B871-D511812C3F7A} = {2904BEF0-F60C-3B5F-B871-D511812C3F7A}
		{C008CDA4-5727-3FAD-B3D7-F681B053F2B4} = {C008CDA4-5727-3FAD-B3D7-F681B053F2B4}
		{329B897B-5FFB-39F0-AC1C-446EB2BF33E7} = {329B897B-5FFB-39F0-AC1C-446EB2BF33E7}
	EndProjectSection
EndProject
Project("{8BC9CEB8-8B4A-11D0-8D11-00A0C91BC942}") = "ZERO_CHECK", "ZERO_CHECK.vcxproj", "{C5548066-9AB3-3C66-868D-48ED6E5F1011}"
	ProjectSection(ProjectDependencies) = postProject
	EndProjectSection
EndProject
Project("{8BC9CEB8-8B4A-11D0-8D11-00A0C91BC942}") = "deserialization_dll", "deserialization_dll.vcxproj", "{2904BEF0-F60C-3B5F-B871-D511812C3F7A}"
	ProjectSection(ProjectDependencies) = postProject
		{C5548066-9AB3-3C66-868D-48ED6E5F1011} = {C5548066-9AB3-3C66-868D-48ED6E5F1011}
	EndProjectSection
EndProject
Project("{8BC9CEB8-8B4A-11D0-8D11-00A0C91BC942}") = "fhir_path_test", "fhir_path_test.vcxproj", "{C008CDA4-5727-3FAD-B3D7-F681B053F2B4}"
	ProjectSection(ProjectDependencies) = postProject
		{C5548066-9AB3-3C66-868D-48ED6E5F1011} = {C5548066-9AB3-3C66-868D-48ED6E5F1011}
		{2904BEF0-F60C-3B5F-B871-D511812C3F7A} = {2904BEF0-F60C-3B5F-B871-D511812C3F7A}
	EndProjectSection
EndProject
Project("{8BC9CEB8-8B4A-11D0-8D11-00A0C91BC942}") = "main", "main.vcxproj", "{329B897B-5FFB-39F0-AC1C-446EB2BF33E7}"
	ProjectSection(ProjectDependencies) = postProject
		{C5548066-9AB3-3C66-868D-48ED6E5F1011} = {C5548066-9AB3-3C66-868D-48ED6E5F1011}
	EndProjectSection
EndProject
Global
	GlobalSection(SolutionConfigurationPlatforms) = preSolution
		Debug|x64 = Debug|x64
		Release|x64 = Release|x64
		MinSizeRel|x64 = MinSizeRel|x64
		RelWithDebInfo|x64 = RelWithDebInfo|x64
	EndGlobalSection
	GlobalSection(ProjectConfigurationPlatforms) = postSolution
		{20975949-FDBA-3E86-9895-CD8C828BE78F}.Debug|x64.ActiveCfg = Debug|x64
		{20975949-FDBA-3E86-9895-CD8C828BE78F}.Release|x64.ActiveCfg = Release|x64
		{20975949-FDBA-3E86-9895-CD8C828BE78F}.MinSizeRel|x64.ActiveCfg = MinSizeRel|x64
		{20975949-FDBA-3E86-9895-CD8C828BE78F}.RelWithDebInfo|x64.ActiveCfg = RelWithDebInfo|x64
		{C5548066-9AB3-3C66-868D-48ED6E5F1011}.Debug|x64.ActiveCfg = Debug|x64
		{C5548066-9AB3-3C66-868D-48ED6E5F1011}.Debug|x64.Build.0 = Debug|x64
		{C5548066-9AB3-3C66-868D-48ED6E5F1011}.Release|x64.ActiveCfg = Release|x64
		{C5548066-9AB3-3C66-868D-48ED6E5F1011}.Release|x64.Build.0 = Release|x64
		{C5548066-9AB3-3C66-868D-48ED6E5F1011}.MinSizeRel|x64.ActiveCfg = MinSizeRel|x64
		{C5548066-9AB3-3C66-868D-48ED6E5F1011}.MinSizeRel|x64.Build.0 = MinSizeRel|x64
		{C5548066-9AB3-3C66-868D-48ED6E5F1011}.RelWithDebInfo|x64.ActiveCfg = RelWithDebInfo|x64
		{C5548066-9AB3-3C66-868D-48ED6E5F1011}.RelWithDebInfo|x64.Build.0 = RelWithDebInfo|x64
		{2904BEF0-F60C-3B5F-B871-D511812C3F7A}.Debug|x64.ActiveCfg = Debug|x64
		{2904BEF0-F60C-3B5F-B871-D511812C3F7A}.Debug|x64.Build.0 = Debug|x64
		{2904BEF0-F60C-3B5F-B871-D511812C3F7A}.Release|x64.ActiveCfg = Release|x64
		{2904BEF0-F60C-3B5F-B871-D511812C3F7A}.Release|x64.Build.0 = Release|x64
		{2904BEF0-F60C-3B5F-B871-D511812C3F7A}.MinSizeRel|x64.ActiveCfg = MinSizeRel|x64
		{2904BEF0-F60C-3B5F-B871-D511812C3F7A}.MinSizeRel|x64.Build.0 = MinSizeRel|x64
		{2904BEF0-F60C-3B5F-B871-D511812C3F7A}.RelWithDebInfo|x64.ActiveCfg = RelWithDebInfo|x64
		{2904BEF0-F60C-3B5F-B871-D511812C3F7A}.RelWithDebInfo|x64.Build.0 = RelWithDebInfo|x64
		{C008CDA4-5727-3FAD-B3D7-F681B053F2B4}.Debug|x64.ActiveCfg = Debug|x64
		{C008CDA4-5727-3FAD-B3D7-F681B053F2B4}.Debug|x64.Build.0 = Debug|x64
		{C008CDA4-5727-3FAD-B3D7-F681B053F2B4}.Release|x64.ActiveCfg = Release|x64
		{C008CDA4-5727-3FAD-B3D7-F681B053F2B4}.Release|x64.Build.0 = Release|x64
		{C008CDA4-5727-3FAD-B3D7-F681B053F2B4}.MinSizeRel|x64.ActiveCfg = MinSizeRel|x64
		{C008CDA4-5727-3FAD-B3D7-F681B053F2B4}.MinSizeRel|x64.Build.0 = MinSizeRel|x64
		{C008CDA4-5727-3FAD-B3D7-F681B053F2B4}.RelWithDebInfo|x64.ActiveCfg = RelWithDebInfo|x64
		{C008CDA4-5727-3FAD-B3D7-F681B053F2B4}.RelWithDebInfo|x64.Build.0 = RelWithDebInfo|x64
		{329B897B-5FFB-39F0-AC1C-446EB2BF33E7}.Debug|x64.ActiveCfg = Debug|x64
		{329B897B-5FFB-39F0-AC1C-446EB2BF33E7}.Debug|x64.Build.0 = Debug|x64
		{329B897B-5FFB-39F0-AC1C-446EB2BF33E7}.Release|x64.ActiveCfg = Release|x64
		{329B897B-5FFB-39F0-AC1C-446EB2BF33E7}.Release|x64.Build.0 = Release|x64
		{329B897B-5FFB-39F0-AC1C-446EB2BF33E7}.MinSizeRel|x64.ActiveCfg = MinSizeRel|x64
		{329B897B-5FFB-39F0-AC1C-446EB2BF33E7}.MinSizeRel|x64.Build.0 = MinSizeRel|x64
		{329B897B-5FFB-39F0-AC1C-446EB2BF33E7}.RelWithDebInfo|x64.ActiveCfg = RelWithDebInfo|x64
		{329B897B-5FFB-39F0-AC1C-446EB2BF33E7}.RelWithDebInfo|x64.Build.0 = RelWithDebInfo|x64
	EndGlobalSection
	GlobalSection(ExtensibilityGlobals) = postSolution
		SolutionGuid = {D63660E5-249E-3C52-8A39-F5ADD1740DC0}
	EndGlobalSection
	GlobalSection(ExtensibilityAddIns) = postSolution
	EndGlobalSection
EndGlobal
